
Microsoft Visual Studio Solution File, Format Version 12.00
# Visual Studio Version 17
VisualStudioVersion = 17.2.32602.215
MinimumVisualStudioVersion = 10.0.40219.1
Project("{9A19103F-16F7-4668-BE54-9A1E7A4F7556}") = "TelegramMultiBot", "TelegramMultiBot\TelegramMultiBot.csproj", "{11DE492D-F193-4563-86EA-CD75A2D9BE34}"
EndProject
Project("{9A19103F-16F7-4668-BE54-9A1E7A4F7556}") = "BotTests", "BotTests\BotTests.csproj", "{04C3F4F0-9D75-4650-97CF-C6663A0C395C}"
EndProject
Project("{9A19103F-16F7-4668-BE54-9A1E7A4F7556}") = "TelegramMultiBot.Database", "TelegramMultiBot.Database\TelegramMultiBot.Database.csproj", "{AF2F4D80-4EF4-4D3D-9B82-D716FC7BC4FD}"
EndProject
Project("{9A19103F-16F7-4668-BE54-9A1E7A4F7556}") = "ConfigUI", "ConfigUI\ConfigUI.csproj", "{E58CB27A-F16D-4C6D-AE21-D20ABFE93C25}"
EndProject
Project("{9A19103F-16F7-4668-BE54-9A1E7A4F7556}") = "SdHostApi", "SdHostApi\SdHostApi.csproj", "{0C0B3725-2154-4AB8-BBC0-DF35066DDCA3}"
EndProject
Project("{E53339B2-1760-4266-BCC7-CA923CBCF16C}") = "docker-compose", "docker-compose.dcproj", "{226D4048-7A22-43DA-A8B8-A1CE3994E5B1}"
EndProject
Project("{2150E333-8FDC-42A3-9474-1A3956D46DE8}") = "Solution Items", "Solution Items", "{8CDB5157-629B-41C4-A6B5-5E0C8225E114}"
	ProjectSection(SolutionItems) = preProject
		.env = .env
		BuildAndPush.ps1 = BuildAndPush.ps1
		dev.env = dev.env
		publish.ps1 = publish.ps1
		run.sh = run.sh
	EndProjectSection
EndProject
Global
	GlobalSection(SolutionConfigurationPlatforms) = preSolution
		Debug|Any CPU = Debug|Any CPU
		Release|Any CPU = Release|Any CPU
	EndGlobalSection
	GlobalSection(ProjectConfigurationPlatforms) = postSolution
		{11DE492D-F193-4563-86EA-CD75A2D9BE34}.Debug|Any CPU.ActiveCfg = Debug|Any CPU
		{11DE492D-F193-4563-86EA-CD75A2D9BE34}.Debug|Any CPU.Build.0 = Debug|Any CPU
		{11DE492D-F193-4563-86EA-CD75A2D9BE34}.Release|Any CPU.ActiveCfg = Release|Any CPU
		{11DE492D-F193-4563-86EA-CD75A2D9BE34}.Release|Any CPU.Build.0 = Release|Any CPU
		{04C3F4F0-9D75-4650-97CF-C6663A0C395C}.Debug|Any CPU.ActiveCfg = Debug|Any CPU
		{04C3F4F0-9D75-4650-97CF-C6663A0C395C}.Debug|Any CPU.Build.0 = Debug|Any CPU
		{04C3F4F0-9D75-4650-97CF-C6663A0C395C}.Release|Any CPU.ActiveCfg = Release|Any CPU
		{04C3F4F0-9D75-4650-97CF-C6663A0C395C}.Release|Any CPU.Build.0 = Release|Any CPU
		{AF2F4D80-4EF4-4D3D-9B82-D716FC7BC4FD}.Debug|Any CPU.ActiveCfg = Debug|Any CPU
		{AF2F4D80-4EF4-4D3D-9B82-D716FC7BC4FD}.Debug|Any CPU.Build.0 = Debug|Any CPU
		{AF2F4D80-4EF4-4D3D-9B82-D716FC7BC4FD}.Release|Any CPU.ActiveCfg = Release|Any CPU
		{AF2F4D80-4EF4-4D3D-9B82-D716FC7BC4FD}.Release|Any CPU.Build.0 = Release|Any CPU
		{E58CB27A-F16D-4C6D-AE21-D20ABFE93C25}.Debug|Any CPU.ActiveCfg = Debug|Any CPU
		{E58CB27A-F16D-4C6D-AE21-D20ABFE93C25}.Debug|Any CPU.Build.0 = Debug|Any CPU
		{E58CB27A-F16D-4C6D-AE21-D20ABFE93C25}.Release|Any CPU.ActiveCfg = Release|Any CPU
		{E58CB27A-F16D-4C6D-AE21-D20ABFE93C25}.Release|Any CPU.Build.0 = Release|Any CPU
		{0C0B3725-2154-4AB8-BBC0-DF35066DDCA3}.Debug|Any CPU.ActiveCfg = Debug|Any CPU
		{0C0B3725-2154-4AB8-BBC0-DF35066DDCA3}.Debug|Any CPU.Build.0 = Debug|Any CPU
		{0C0B3725-2154-4AB8-BBC0-DF35066DDCA3}.Release|Any CPU.ActiveCfg = Release|Any CPU
		{0C0B3725-2154-4AB8-BBC0-DF35066DDCA3}.Release|Any CPU.Build.0 = Release|Any CPU
		{226D4048-7A22-43DA-A8B8-A1CE3994E5B1}.Debug|Any CPU.ActiveCfg = Debug|Any CPU
		{226D4048-7A22-43DA-A8B8-A1CE3994E5B1}.Debug|Any CPU.Build.0 = Debug|Any CPU
		{226D4048-7A22-43DA-A8B8-A1CE3994E5B1}.Release|Any CPU.ActiveCfg = Release|Any CPU
		{226D4048-7A22-43DA-A8B8-A1CE3994E5B1}.Release|Any CPU.Build.0 = Release|Any CPU
	EndGlobalSection
	GlobalSection(SolutionProperties) = preSolution
		HideSolutionNode = FALSE
	EndGlobalSection
	GlobalSection(ExtensibilityGlobals) = postSolution
		SolutionGuid = {44090AB2-A1A5-45B8-82F5-3F428983AC9C}
	EndGlobalSection
EndGlobal
